// !$*UTF8*$!
{
	archiveVersion = 1;
	classes = {
	};
	objectVersion = 42;
	objects = {

/* Begin PBXBuildFile section */
		BBAB23CB13894F3D00AA2426 /* GLUT.framework in CopyFiles */ = {isa = PBXBuildFile; fileRef = BBAB23BE13894E4700AA2426 /* GLUT.framework */; };
		BE8503BA14ECB714008C407A /* cameras.c in Sources */ = {isa = PBXBuildFile; fileRef = BE85036B14ECB714008C407A /* cameras.c */; };
		BE8503BB14ECB714008C407A /* core.c in Sources */ = {isa = PBXBuildFile; fileRef = BE85036E14ECB714008C407A /* core.c */; };
		BE8503BC14ECB714008C407A /* freenect.lib in Frameworks */ = {isa = PBXBuildFile; fileRef = BE85037414ECB714008C407A /* freenect.lib */; };
		BE8503BD14ECB714008C407A /* registration.c in Sources */ = {isa = PBXBuildFile; fileRef = BE85037814ECB714008C407A /* registration.c */; };
		BE8503BE14ECB714008C407A /* tilt.c in Sources */ = {isa = PBXBuildFile; fileRef = BE85037A14ECB714008C407A /* tilt.c */; };
		BE8503BF14ECB714008C407A /* usb_libusb10.c in Sources */ = {isa = PBXBuildFile; fileRef = BE85037B14ECB714008C407A /* usb_libusb10.c */; };
		BE8503C014ECB714008C407A /* usb-1.0.a in Frameworks */ = {isa = PBXBuildFile; fileRef = BE85038314ECB714008C407A /* usb-1.0.a */; };
		BE8503C114ECB714008C407A /* ofxKinect.cpp in Sources */ = {isa = PBXBuildFile; fileRef = BE8503B814ECB714008C407A /* ofxKinect.cpp */; };
		BE85042D14ECB82C008C407A /* opencv.a in Frameworks */ = {isa = PBXBuildFile; fileRef = BE85041914ECB82C008C407A /* opencv.a */; };
		BE85042E14ECB82C008C407A /* ofxCvColorImage.cpp in Sources */ = {isa = PBXBuildFile; fileRef = BE85041C14ECB82C008C407A /* ofxCvColorImage.cpp */; };
		BE85042F14ECB82C008C407A /* ofxCvContourFinder.cpp in Sources */ = {isa = PBXBuildFile; fileRef = BE85041F14ECB82C008C407A /* ofxCvContourFinder.cpp */; };
		BE85043014ECB82C008C407A /* ofxCvFloatImage.cpp in Sources */ = {isa = PBXBuildFile; fileRef = BE85042114ECB82C008C407A /* ofxCvFloatImage.cpp */; };
		BE85043114ECB82C008C407A /* ofxCvGrayscaleImage.cpp in Sources */ = {isa = PBXBuildFile; fileRef = BE85042314ECB82C008C407A /* ofxCvGrayscaleImage.cpp */; };
		BE85043214ECB82C008C407A /* ofxCvHaarFinder.cpp in Sources */ = {isa = PBXBuildFile; fileRef = BE85042514ECB82C008C407A /* ofxCvHaarFinder.cpp */; };
		BE85043314ECB82C008C407A /* ofxCvImage.cpp in Sources */ = {isa = PBXBuildFile; fileRef = BE85042714ECB82C008C407A /* ofxCvImage.cpp */; };
		BE85043414ECB82C008C407A /* ofxCvShortImage.cpp in Sources */ = {isa = PBXBuildFile; fileRef = BE85042A14ECB82C008C407A /* ofxCvShortImage.cpp */; };
		E4328149138ABC9F0047C5CB /* openFrameworksDebug.a in Frameworks */ = {isa = PBXBuildFile; fileRef = E4328148138ABC890047C5CB /* openFrameworksDebug.a */; };
		E45BE97B0E8CC7DD009D7055 /* AGL.framework in Frameworks */ = {isa = PBXBuildFile; fileRef = E45BE9710E8CC7DD009D7055 /* AGL.framework */; };
		E45BE97C0E8CC7DD009D7055 /* ApplicationServices.framework in Frameworks */ = {isa = PBXBuildFile; fileRef = E45BE9720E8CC7DD009D7055 /* ApplicationServices.framework */; };
		E45BE97D0E8CC7DD009D7055 /* AudioToolbox.framework in Frameworks */ = {isa = PBXBuildFile; fileRef = E45BE9730E8CC7DD009D7055 /* AudioToolbox.framework */; };
		E45BE97E0E8CC7DD009D7055 /* Carbon.framework in Frameworks */ = {isa = PBXBuildFile; fileRef = E45BE9740E8CC7DD009D7055 /* Carbon.framework */; };
		E45BE97F0E8CC7DD009D7055 /* CoreAudio.framework in Frameworks */ = {isa = PBXBuildFile; fileRef = E45BE9750E8CC7DD009D7055 /* CoreAudio.framework */; };
		E45BE9800E8CC7DD009D7055 /* CoreFoundation.framework in Frameworks */ = {isa = PBXBuildFile; fileRef = E45BE9760E8CC7DD009D7055 /* CoreFoundation.framework */; };
		E45BE9810E8CC7DD009D7055 /* CoreServices.framework in Frameworks */ = {isa = PBXBuildFile; fileRef = E45BE9770E8CC7DD009D7055 /* CoreServices.framework */; };
		E45BE9830E8CC7DD009D7055 /* OpenGL.framework in Frameworks */ = {isa = PBXBuildFile; fileRef = E45BE9790E8CC7DD009D7055 /* OpenGL.framework */; };
		E45BE9840E8CC7DD009D7055 /* QuickTime.framework in Frameworks */ = {isa = PBXBuildFile; fileRef = E45BE97A0E8CC7DD009D7055 /* QuickTime.framework */; };
		E4B69E200A3A1BDC003C02F2 /* main.cpp in Sources */ = {isa = PBXBuildFile; fileRef = E4B69E1D0A3A1BDC003C02F2 /* main.cpp */; };
		E4B69E210A3A1BDC003C02F2 /* ofApp.cpp in Sources */ = {isa = PBXBuildFile; fileRef = E4B69E1E0A3A1BDC003C02F2 /* ofApp.cpp */; };
		E4C2424710CC5A17004149E2 /* AppKit.framework in Frameworks */ = {isa = PBXBuildFile; fileRef = E4C2424410CC5A17004149E2 /* AppKit.framework */; };
		E4C2424810CC5A17004149E2 /* Cocoa.framework in Frameworks */ = {isa = PBXBuildFile; fileRef = E4C2424510CC5A17004149E2 /* Cocoa.framework */; };
		E4C2424910CC5A17004149E2 /* IOKit.framework in Frameworks */ = {isa = PBXBuildFile; fileRef = E4C2424610CC5A17004149E2 /* IOKit.framework */; };
		E4EB6799138ADC1D00A09F29 /* GLUT.framework in Frameworks */ = {isa = PBXBuildFile; fileRef = BBAB23BE13894E4700AA2426 /* GLUT.framework */; };
/* End PBXBuildFile section */

/* Begin PBXContainerItemProxy section */
		E4328147138ABC890047C5CB /* PBXContainerItemProxy */ = {
			isa = PBXContainerItemProxy;
			containerPortal = E4328143138ABC890047C5CB /* openFrameworksLib.xcodeproj */;
			proxyType = 2;
			remoteGlobalIDString = E4B27C1510CBEB8E00536013;
			remoteInfo = openFrameworks;
		};
		E4EEB9AB138B136A00A80321 /* PBXContainerItemProxy */ = {
			isa = PBXContainerItemProxy;
			containerPortal = E4328143138ABC890047C5CB /* openFrameworksLib.xcodeproj */;
			proxyType = 1;
			remoteGlobalIDString = E4B27C1410CBEB8E00536013;
			remoteInfo = openFrameworks;
		};
/* End PBXContainerItemProxy section */

/* Begin PBXCopyFilesBuildPhase section */
		E4C2427710CC5ABF004149E2 /* CopyFiles */ = {
			isa = PBXCopyFilesBuildPhase;
			buildActionMask = 2147483647;
			dstPath = "";
			dstSubfolderSpec = 10;
			files = (
				BBAB23CB13894F3D00AA2426 /* GLUT.framework in CopyFiles */,
			);
			runOnlyForDeploymentPostprocessing = 0;
		};
/* End PBXCopyFilesBuildPhase section */

/* Begin PBXFileReference section */
		27C992C914E4FFFA0069177A /* LineArt.h */ = {isa = PBXFileReference; fileEncoding = 4; lastKnownFileType = sourcecode.c.h; name = LineArt.h; path = src/LineArt.h; sourceTree = SOURCE_ROOT; };
		BBAB23BE13894E4700AA2426 /* GLUT.framework */ = {isa = PBXFileReference; lastKnownFileType = wrapper.framework; name = GLUT.framework; path = ../../../libs/glut/lib/osx/GLUT.framework; sourceTree = "<group>"; };
		BE85036A14ECB714008C407A /* APACHE20 */ = {isa = PBXFileReference; fileEncoding = 4; lastKnownFileType = text; path = APACHE20; sourceTree = "<group>"; };
		BE85036B14ECB714008C407A /* cameras.c */ = {isa = PBXFileReference; fileEncoding = 4; lastKnownFileType = sourcecode.c.c; path = cameras.c; sourceTree = "<group>"; };
		BE85036C14ECB714008C407A /* cameras.h */ = {isa = PBXFileReference; fileEncoding = 4; lastKnownFileType = sourcecode.c.h; path = cameras.h; sourceTree = "<group>"; };
		BE85036D14ECB714008C407A /* CONTRIB */ = {isa = PBXFileReference; fileEncoding = 4; lastKnownFileType = text; path = CONTRIB; sourceTree = "<group>"; };
		BE85036E14ECB714008C407A /* core.c */ = {isa = PBXFileReference; fileEncoding = 4; lastKnownFileType = sourcecode.c.c; path = core.c; sourceTree = "<group>"; };
		BE85036F14ECB714008C407A /* freenect_internal.h */ = {isa = PBXFileReference; fileEncoding = 4; lastKnownFileType = sourcecode.c.h; path = freenect_internal.h; sourceTree = "<group>"; };
		BE85037014ECB714008C407A /* GPL2 */ = {isa = PBXFileReference; fileEncoding = 4; lastKnownFileType = text; path = GPL2; sourceTree = "<group>"; };
		BE85037314ECB714008C407A /* freenect.dll */ = {isa = PBXFileReference; lastKnownFileType = file; path = freenect.dll; sourceTree = "<group>"; };
		BE85037414ECB714008C407A /* freenect.lib */ = {isa = PBXFileReference; lastKnownFileType = archive.ar; path = freenect.lib; sourceTree = "<group>"; };
		BE85037514ECB714008C407A /* libfreenect-registration.h */ = {isa = PBXFileReference; fileEncoding = 4; lastKnownFileType = sourcecode.c.h; path = "libfreenect-registration.h"; sourceTree = "<group>"; };
		BE85037614ECB714008C407A /* libfreenect.h */ = {isa = PBXFileReference; fileEncoding = 4; lastKnownFileType = sourcecode.c.h; path = libfreenect.h; sourceTree = "<group>"; };
		BE85037714ECB714008C407A /* libfreenect.pc.in */ = {isa = PBXFileReference; fileEncoding = 4; lastKnownFileType = text; path = libfreenect.pc.in; sourceTree = "<group>"; };
		BE85037814ECB714008C407A /* registration.c */ = {isa = PBXFileReference; fileEncoding = 4; lastKnownFileType = sourcecode.c.c; path = registration.c; sourceTree = "<group>"; };
		BE85037914ECB714008C407A /* registration.h */ = {isa = PBXFileReference; fileEncoding = 4; lastKnownFileType = sourcecode.c.h; path = registration.h; sourceTree = "<group>"; };
		BE85037A14ECB714008C407A /* tilt.c */ = {isa = PBXFileReference; fileEncoding = 4; lastKnownFileType = sourcecode.c.c; path = tilt.c; sourceTree = "<group>"; };
		BE85037B14ECB714008C407A /* usb_libusb10.c */ = {isa = PBXFileReference; fileEncoding = 4; lastKnownFileType = sourcecode.c.c; path = usb_libusb10.c; sourceTree = "<group>"; };
		BE85037C14ECB714008C407A /* usb_libusb10.h */ = {isa = PBXFileReference; fileEncoding = 4; lastKnownFileType = sourcecode.c.h; path = usb_libusb10.h; sourceTree = "<group>"; };
		BE85038114ECB714008C407A /* libusb.h */ = {isa = PBXFileReference; fileEncoding = 4; lastKnownFileType = sourcecode.c.h; path = libusb.h; sourceTree = "<group>"; };
		BE85038314ECB714008C407A /* usb-1.0.a */ = {isa = PBXFileReference; lastKnownFileType = archive.ar; path = "usb-1.0.a"; sourceTree = "<group>"; };
		BE85038814ECB714008C407A /* libusb0.dll */ = {isa = PBXFileReference; lastKnownFileType = file; path = libusb0.dll; sourceTree = "<group>"; };
		BE85038914ECB714008C407A /* libusb0.sys */ = {isa = PBXFileReference; lastKnownFileType = file; path = libusb0.sys; sourceTree = "<group>"; };
		BE85038B14ECB714008C407A /* libusb0.dll */ = {isa = PBXFileReference; lastKnownFileType = file; path = libusb0.dll; sourceTree = "<group>"; };
		BE85038C14ECB714008C407A /* libusb0.sys */ = {isa = PBXFileReference; lastKnownFileType = file; path = libusb0.sys; sourceTree = "<group>"; };
		BE85038D14ECB714008C407A /* libusb-win32-bin-README.txt */ = {isa = PBXFileReference; fileEncoding = 4; lastKnownFileType = text; path = "libusb-win32-bin-README.txt"; sourceTree = "<group>"; };
		BE85039014ECB714008C407A /* installer_license.txt */ = {isa = PBXFileReference; fileEncoding = 4; lastKnownFileType = text; path = installer_license.txt; sourceTree = "<group>"; };
		BE85039214ECB714008C407A /* libusb0.sys */ = {isa = PBXFileReference; lastKnownFileType = file; path = libusb0.sys; sourceTree = "<group>"; };
		BE85039314ECB714008C407A /* libusb0_x86.dll */ = {isa = PBXFileReference; lastKnownFileType = file; path = libusb0_x86.dll; sourceTree = "<group>"; };
		BE85039414ECB714008C407A /* Xbox_NUI_Audio.cat */ = {isa = PBXFileReference; lastKnownFileType = file; path = Xbox_NUI_Audio.cat; sourceTree = "<group>"; };
		BE85039514ECB714008C407A /* Xbox_NUI_Audio.inf */ = {isa = PBXFileReference; fileEncoding = 4; lastKnownFileType = text; path = Xbox_NUI_Audio.inf; sourceTree = "<group>"; };
		BE85039814ECB714008C407A /* libusb0.dll */ = {isa = PBXFileReference; lastKnownFileType = file; path = libusb0.dll; sourceTree = "<group>"; };
		BE85039914ECB714008C407A /* libusb0.sys */ = {isa = PBXFileReference; lastKnownFileType = file; path = libusb0.sys; sourceTree = "<group>"; };
		BE85039B14ECB714008C407A /* libusb0.dll */ = {isa = PBXFileReference; lastKnownFileType = file; path = libusb0.dll; sourceTree = "<group>"; };
		BE85039C14ECB714008C407A /* libusb0.sys */ = {isa = PBXFileReference; lastKnownFileType = file; path = libusb0.sys; sourceTree = "<group>"; };
		BE85039D14ECB714008C407A /* libusb-win32-bin-README.txt */ = {isa = PBXFileReference; fileEncoding = 4; lastKnownFileType = text; path = "libusb-win32-bin-README.txt"; sourceTree = "<group>"; };
		BE8503A014ECB714008C407A /* installer_license.txt */ = {isa = PBXFileReference; fileEncoding = 4; lastKnownFileType = text; path = installer_license.txt; sourceTree = "<group>"; };
		BE8503A214ECB714008C407A /* libusb0.sys */ = {isa = PBXFileReference; lastKnownFileType = file; path = libusb0.sys; sourceTree = "<group>"; };
		BE8503A314ECB714008C407A /* libusb0_x86.dll */ = {isa = PBXFileReference; lastKnownFileType = file; path = libusb0_x86.dll; sourceTree = "<group>"; };
		BE8503A414ECB714008C407A /* Xbox_NUI_Camera.cat */ = {isa = PBXFileReference; lastKnownFileType = file; path = Xbox_NUI_Camera.cat; sourceTree = "<group>"; };
		BE8503A514ECB714008C407A /* Xbox_NUI_Camera.inf */ = {isa = PBXFileReference; fileEncoding = 4; lastKnownFileType = text; path = Xbox_NUI_Camera.inf; sourceTree = "<group>"; };
		BE8503A814ECB714008C407A /* libusb0.dll */ = {isa = PBXFileReference; lastKnownFileType = file; path = libusb0.dll; sourceTree = "<group>"; };
		BE8503A914ECB714008C407A /* libusb0.sys */ = {isa = PBXFileReference; lastKnownFileType = file; path = libusb0.sys; sourceTree = "<group>"; };
		BE8503AB14ECB714008C407A /* libusb0.dll */ = {isa = PBXFileReference; lastKnownFileType = file; path = libusb0.dll; sourceTree = "<group>"; };
		BE8503AC14ECB714008C407A /* libusb0.sys */ = {isa = PBXFileReference; lastKnownFileType = file; path = libusb0.sys; sourceTree = "<group>"; };
		BE8503AD14ECB714008C407A /* libusb-win32-bin-README.txt */ = {isa = PBXFileReference; fileEncoding = 4; lastKnownFileType = text; path = "libusb-win32-bin-README.txt"; sourceTree = "<group>"; };
		BE8503B014ECB714008C407A /* installer_license.txt */ = {isa = PBXFileReference; fileEncoding = 4; lastKnownFileType = text; path = installer_license.txt; sourceTree = "<group>"; };
		BE8503B214ECB714008C407A /* libusb0.sys */ = {isa = PBXFileReference; lastKnownFileType = file; path = libusb0.sys; sourceTree = "<group>"; };
		BE8503B314ECB714008C407A /* libusb0_x86.dll */ = {isa = PBXFileReference; lastKnownFileType = file; path = libusb0_x86.dll; sourceTree = "<group>"; };
		BE8503B414ECB714008C407A /* Xbox_NUI_Motor.cat */ = {isa = PBXFileReference; lastKnownFileType = file; path = Xbox_NUI_Motor.cat; sourceTree = "<group>"; };
		BE8503B514ECB714008C407A /* Xbox_NUI_Motor.inf */ = {isa = PBXFileReference; fileEncoding = 4; lastKnownFileType = text; path = Xbox_NUI_Motor.inf; sourceTree = "<group>"; };
		BE8503B714ECB714008C407A /* ofxBase3DVideo.h */ = {isa = PBXFileReference; fileEncoding = 4; lastKnownFileType = sourcecode.c.h; path = ofxBase3DVideo.h; sourceTree = "<group>"; };
		BE8503B814ECB714008C407A /* ofxKinect.cpp */ = {isa = PBXFileReference; fileEncoding = 4; lastKnownFileType = sourcecode.cpp.cpp; path = ofxKinect.cpp; sourceTree = "<group>"; };
		BE8503B914ECB714008C407A /* ofxKinect.h */ = {isa = PBXFileReference; fileEncoding = 4; lastKnownFileType = sourcecode.c.h; path = ofxKinect.h; sourceTree = "<group>"; };
		BE8503C314ECB82C008C407A /* install.xml */ = {isa = PBXFileReference; fileEncoding = 4; lastKnownFileType = text.xml; path = install.xml; sourceTree = "<group>"; };
		BE8503C814ECB82C008C407A /* cv.h */ = {isa = PBXFileReference; fileEncoding = 4; lastKnownFileType = sourcecode.c.h; path = cv.h; sourceTree = "<group>"; };
		BE8503C914ECB82C008C407A /* cv.hpp */ = {isa = PBXFileReference; fileEncoding = 4; lastKnownFileType = sourcecode.cpp.h; path = cv.hpp; sourceTree = "<group>"; };
		BE8503CA14ECB82C008C407A /* cvaux.h */ = {isa = PBXFileReference; fileEncoding = 4; lastKnownFileType = sourcecode.c.h; path = cvaux.h; sourceTree = "<group>"; };
		BE8503CB14ECB82C008C407A /* cvaux.hpp */ = {isa = PBXFileReference; fileEncoding = 4; lastKnownFileType = sourcecode.cpp.h; path = cvaux.hpp; sourceTree = "<group>"; };
		BE8503CC14ECB82C008C407A /* cvwimage.h */ = {isa = PBXFileReference; fileEncoding = 4; lastKnownFileType = sourcecode.c.h; path = cvwimage.h; sourceTree = "<group>"; };
		BE8503CD14ECB82C008C407A /* cxcore.h */ = {isa = PBXFileReference; fileEncoding = 4; lastKnownFileType = sourcecode.c.h; path = cxcore.h; sourceTree = "<group>"; };
		BE8503CE14ECB82C008C407A /* cxcore.hpp */ = {isa = PBXFileReference; fileEncoding = 4; lastKnownFileType = sourcecode.cpp.h; path = cxcore.hpp; sourceTree = "<group>"; };
		BE8503CF14ECB82C008C407A /* cxeigen.hpp */ = {isa = PBXFileReference; fileEncoding = 4; lastKnownFileType = sourcecode.cpp.h; path = cxeigen.hpp; sourceTree = "<group>"; };
		BE8503D014ECB82C008C407A /* cxmisc.h */ = {isa = PBXFileReference; fileEncoding = 4; lastKnownFileType = sourcecode.c.h; path = cxmisc.h; sourceTree = "<group>"; };
		BE8503D114ECB82C008C407A /* highgui.h */ = {isa = PBXFileReference; fileEncoding = 4; lastKnownFileType = sourcecode.c.h; path = highgui.h; sourceTree = "<group>"; };
		BE8503D214ECB82C008C407A /* ml.h */ = {isa = PBXFileReference; fileEncoding = 4; lastKnownFileType = sourcecode.c.h; path = ml.h; sourceTree = "<group>"; };
		BE8503D514ECB82C008C407A /* calib3d.hpp */ = {isa = PBXFileReference; fileEncoding = 4; lastKnownFileType = sourcecode.cpp.h; path = calib3d.hpp; sourceTree = "<group>"; };
		BE8503D714ECB82C008C407A /* contrib.hpp */ = {isa = PBXFileReference; fileEncoding = 4; lastKnownFileType = sourcecode.cpp.h; path = contrib.hpp; sourceTree = "<group>"; };
		BE8503D914ECB82C008C407A /* core.hpp */ = {isa = PBXFileReference; fileEncoding = 4; lastKnownFileType = sourcecode.cpp.h; path = core.hpp; sourceTree = "<group>"; };
		BE8503DA14ECB82C008C407A /* core_c.h */ = {isa = PBXFileReference; fileEncoding = 4; lastKnownFileType = sourcecode.c.h; path = core_c.h; sourceTree = "<group>"; };
		BE8503DB14ECB82C008C407A /* eigen.hpp */ = {isa = PBXFileReference; fileEncoding = 4; lastKnownFileType = sourcecode.cpp.h; path = eigen.hpp; sourceTree = "<group>"; };
		BE8503DC14ECB82C008C407A /* internal.hpp */ = {isa = PBXFileReference; fileEncoding = 4; lastKnownFileType = sourcecode.cpp.h; path = internal.hpp; sourceTree = "<group>"; };
		BE8503DD14ECB82C008C407A /* mat.hpp */ = {isa = PBXFileReference; fileEncoding = 4; lastKnownFileType = sourcecode.cpp.h; path = mat.hpp; sourceTree = "<group>"; };
		BE8503DE14ECB82C008C407A /* operations.hpp */ = {isa = PBXFileReference; fileEncoding = 4; lastKnownFileType = sourcecode.cpp.h; path = operations.hpp; sourceTree = "<group>"; };
		BE8503DF14ECB82C008C407A /* types_c.h */ = {isa = PBXFileReference; fileEncoding = 4; lastKnownFileType = sourcecode.c.h; path = types_c.h; sourceTree = "<group>"; };
		BE8503E014ECB82C008C407A /* version.hpp */ = {isa = PBXFileReference; fileEncoding = 4; lastKnownFileType = sourcecode.cpp.h; path = version.hpp; sourceTree = "<group>"; };
		BE8503E114ECB82C008C407A /* wimage.hpp */ = {isa = PBXFileReference; fileEncoding = 4; lastKnownFileType = sourcecode.cpp.h; path = wimage.hpp; sourceTree = "<group>"; };
		BE8503E314ECB82C008C407A /* features2d.hpp */ = {isa = PBXFileReference; fileEncoding = 4; lastKnownFileType = sourcecode.cpp.h; path = features2d.hpp; sourceTree = "<group>"; };
		BE8503E514ECB82C008C407A /* all_indices.h */ = {isa = PBXFileReference; fileEncoding = 4; lastKnownFileType = sourcecode.c.h; path = all_indices.h; sourceTree = "<group>"; };
		BE8503E614ECB82C008C407A /* allocator.h */ = {isa = PBXFileReference; fileEncoding = 4; lastKnownFileType = sourcecode.c.h; path = allocator.h; sourceTree = "<group>"; };
		BE8503E714ECB82C008C407A /* autotuned_index.h */ = {isa = PBXFileReference; fileEncoding = 4; lastKnownFileType = sourcecode.c.h; path = autotuned_index.h; sourceTree = "<group>"; };
		BE8503E814ECB82C008C407A /* composite_index.h */ = {isa = PBXFileReference; fileEncoding = 4; lastKnownFileType = sourcecode.c.h; path = composite_index.h; sourceTree = "<group>"; };
		BE8503E914ECB82C008C407A /* dist.h */ = {isa = PBXFileReference; fileEncoding = 4; lastKnownFileType = sourcecode.c.h; path = dist.h; sourceTree = "<group>"; };
		BE8503EA14ECB82C008C407A /* flann.hpp */ = {isa = PBXFileReference; fileEncoding = 4; lastKnownFileType = sourcecode.cpp.h; path = flann.hpp; sourceTree = "<group>"; };
		BE8503EB14ECB82C008C407A /* flann_base.hpp */ = {isa = PBXFileReference; fileEncoding = 4; lastKnownFileType = sourcecode.cpp.h; path = flann_base.hpp; sourceTree = "<group>"; };
		BE8503EC14ECB82C008C407A /* general.h */ = {isa = PBXFileReference; fileEncoding = 4; lastKnownFileType = sourcecode.c.h; path = general.h; sourceTree = "<group>"; };
		BE8503ED14ECB82C008C407A /* ground_truth.h */ = {isa = PBXFileReference; fileEncoding = 4; lastKnownFileType = sourcecode.c.h; path = ground_truth.h; sourceTree = "<group>"; };
		BE8503EE14ECB82C008C407A /* hdf5.h */ = {isa = PBXFileReference; fileEncoding = 4; lastKnownFileType = sourcecode.c.h; path = hdf5.h; sourceTree = "<group>"; };
		BE8503EF14ECB82C008C407A /* heap.h */ = {isa = PBXFileReference; fileEncoding = 4; lastKnownFileType = sourcecode.c.h; path = heap.h; sourceTree = "<group>"; };
		BE8503F014ECB82C008C407A /* index_testing.h */ = {isa = PBXFileReference; fileEncoding = 4; lastKnownFileType = sourcecode.c.h; path = index_testing.h; sourceTree = "<group>"; };
		BE8503F114ECB82C008C407A /* kdtree_index.h */ = {isa = PBXFileReference; fileEncoding = 4; lastKnownFileType = sourcecode.c.h; path = kdtree_index.h; sourceTree = "<group>"; };
		BE8503F214ECB82C008C407A /* kmeans_index.h */ = {isa = PBXFileReference; fileEncoding = 4; lastKnownFileType = sourcecode.c.h; path = kmeans_index.h; sourceTree = "<group>"; };
		BE8503F314ECB82C008C407A /* linear_index.h */ = {isa = PBXFileReference; fileEncoding = 4; lastKnownFileType = sourcecode.c.h; path = linear_index.h; sourceTree = "<group>"; };
		BE8503F414ECB82C008C407A /* logger.h */ = {isa = PBXFileReference; fileEncoding = 4; lastKnownFileType = sourcecode.c.h; path = logger.h; sourceTree = "<group>"; };
		BE8503F514ECB82C008C407A /* matrix.h */ = {isa = PBXFileReference; fileEncoding = 4; lastKnownFileType = sourcecode.c.h; path = matrix.h; sourceTree = "<group>"; };
		BE8503F614ECB82C008C407A /* nn_index.h */ = {isa = PBXFileReference; fileEncoding = 4; lastKnownFileType = sourcecode.c.h; path = nn_index.h; sourceTree = "<group>"; };
		BE8503F714ECB82C008C407A /* object_factory.h */ = {isa = PBXFileReference; fileEncoding = 4; lastKnownFileType = sourcecode.c.h; path = object_factory.h; sourceTree = "<group>"; };
		BE8503F814ECB82C008C407A /* random.h */ = {isa = PBXFileReference; fileEncoding = 4; lastKnownFileType = sourcecode.c.h; path = random.h; sourceTree = "<group>"; };
		BE8503F914ECB82C008C407A /* result_set.h */ = {isa = PBXFileReference; fileEncoding = 4; lastKnownFileType = sourcecode.c.h; path = result_set.h; sourceTree = "<group>"; };
		BE8503FA14ECB82C008C407A /* sampling.h */ = {isa = PBXFileReference; fileEncoding = 4; lastKnownFileType = sourcecode.c.h; path = sampling.h; sourceTree = "<group>"; };
		BE8503FB14ECB82C008C407A /* saving.h */ = {isa = PBXFileReference; fileEncoding = 4; lastKnownFileType = sourcecode.c.h; path = saving.h; sourceTree = "<group>"; };
		BE8503FC14ECB82C008C407A /* simplex_downhill.h */ = {isa = PBXFileReference; fileEncoding = 4; lastKnownFileType = sourcecode.c.h; path = simplex_downhill.h; sourceTree = "<group>"; };
		BE8503FD14ECB82C008C407A /* timer.h */ = {isa = PBXFileReference; fileEncoding = 4; lastKnownFileType = sourcecode.c.h; path = timer.h; sourceTree = "<group>"; };
		BE8503FF14ECB82C008C407A /* devmem2d.hpp */ = {isa = PBXFileReference; fileEncoding = 4; lastKnownFileType = sourcecode.cpp.h; path = devmem2d.hpp; sourceTree = "<group>"; };
		BE85040014ECB82C008C407A /* gpu.hpp */ = {isa = PBXFileReference; fileEncoding = 4; lastKnownFileType = sourcecode.cpp.h; path = gpu.hpp; sourceTree = "<group>"; };
		BE85040114ECB82C008C407A /* matrix_operations.hpp */ = {isa = PBXFileReference; fileEncoding = 4; lastKnownFileType = sourcecode.cpp.h; path = matrix_operations.hpp; sourceTree = "<group>"; };
		BE85040214ECB82C008C407A /* stream_accessor.hpp */ = {isa = PBXFileReference; fileEncoding = 4; lastKnownFileType = sourcecode.cpp.h; path = stream_accessor.hpp; sourceTree = "<group>"; };
		BE85040414ECB82C008C407A /* highgui.hpp */ = {isa = PBXFileReference; fileEncoding = 4; lastKnownFileType = sourcecode.cpp.h; path = highgui.hpp; sourceTree = "<group>"; };
		BE85040514ECB82C008C407A /* highgui_c.h */ = {isa = PBXFileReference; fileEncoding = 4; lastKnownFileType = sourcecode.c.h; path = highgui_c.h; sourceTree = "<group>"; };
		BE85040714ECB82C008C407A /* imgproc.hpp */ = {isa = PBXFileReference; fileEncoding = 4; lastKnownFileType = sourcecode.cpp.h; path = imgproc.hpp; sourceTree = "<group>"; };
		BE85040814ECB82C008C407A /* imgproc_c.h */ = {isa = PBXFileReference; fileEncoding = 4; lastKnownFileType = sourcecode.c.h; path = imgproc_c.h; sourceTree = "<group>"; };
		BE85040914ECB82C008C407A /* types_c.h */ = {isa = PBXFileReference; fileEncoding = 4; lastKnownFileType = sourcecode.c.h; path = types_c.h; sourceTree = "<group>"; };
		BE85040B14ECB82C008C407A /* blobtrack.hpp */ = {isa = PBXFileReference; fileEncoding = 4; lastKnownFileType = sourcecode.cpp.h; path = blobtrack.hpp; sourceTree = "<group>"; };
		BE85040C14ECB82C008C407A /* compat.hpp */ = {isa = PBXFileReference; fileEncoding = 4; lastKnownFileType = sourcecode.cpp.h; path = compat.hpp; sourceTree = "<group>"; };
		BE85040D14ECB82C008C407A /* legacy.hpp */ = {isa = PBXFileReference; fileEncoding = 4; lastKnownFileType = sourcecode.cpp.h; path = legacy.hpp; sourceTree = "<group>"; };
		BE85040E14ECB82C008C407A /* streams.hpp */ = {isa = PBXFileReference; fileEncoding = 4; lastKnownFileType = sourcecode.cpp.h; path = streams.hpp; sourceTree = "<group>"; };
		BE85041014ECB82C008C407A /* ml.hpp */ = {isa = PBXFileReference; fileEncoding = 4; lastKnownFileType = sourcecode.cpp.h; path = ml.hpp; sourceTree = "<group>"; };
		BE85041214ECB82C008C407A /* objdetect.hpp */ = {isa = PBXFileReference; fileEncoding = 4; lastKnownFileType = sourcecode.cpp.h; path = objdetect.hpp; sourceTree = "<group>"; };
		BE85041314ECB82C008C407A /* opencv.hpp */ = {isa = PBXFileReference; fileEncoding = 4; lastKnownFileType = sourcecode.cpp.h; path = opencv.hpp; sourceTree = "<group>"; };
		BE85041514ECB82C008C407A /* background_segm.hpp */ = {isa = PBXFileReference; fileEncoding = 4; lastKnownFileType = sourcecode.cpp.h; path = background_segm.hpp; sourceTree = "<group>"; };
		BE85041614ECB82C008C407A /* tracking.hpp */ = {isa = PBXFileReference; fileEncoding = 4; lastKnownFileType = sourcecode.cpp.h; path = tracking.hpp; sourceTree = "<group>"; };
		BE85041914ECB82C008C407A /* opencv.a */ = {isa = PBXFileReference; lastKnownFileType = archive.ar; path = opencv.a; sourceTree = "<group>"; };
		BE85041B14ECB82C008C407A /* ofxCvBlob.h */ = {isa = PBXFileReference; fileEncoding = 4; lastKnownFileType = sourcecode.c.h; path = ofxCvBlob.h; sourceTree = "<group>"; };
		BE85041C14ECB82C008C407A /* ofxCvColorImage.cpp */ = {isa = PBXFileReference; fileEncoding = 4; lastKnownFileType = sourcecode.cpp.cpp; path = ofxCvColorImage.cpp; sourceTree = "<group>"; };
		BE85041D14ECB82C008C407A /* ofxCvColorImage.h */ = {isa = PBXFileReference; fileEncoding = 4; lastKnownFileType = sourcecode.c.h; path = ofxCvColorImage.h; sourceTree = "<group>"; };
		BE85041E14ECB82C008C407A /* ofxCvConstants.h */ = {isa = PBXFileReference; fileEncoding = 4; lastKnownFileType = sourcecode.c.h; path = ofxCvConstants.h; sourceTree = "<group>"; };
		BE85041F14ECB82C008C407A /* ofxCvContourFinder.cpp */ = {isa = PBXFileReference; fileEncoding = 4; lastKnownFileType = sourcecode.cpp.cpp; path = ofxCvContourFinder.cpp; sourceTree = "<group>"; };
		BE85042014ECB82C008C407A /* ofxCvContourFinder.h */ = {isa = PBXFileReference; fileEncoding = 4; lastKnownFileType = sourcecode.c.h; path = ofxCvContourFinder.h; sourceTree = "<group>"; };
		BE85042114ECB82C008C407A /* ofxCvFloatImage.cpp */ = {isa = PBXFileReference; fileEncoding = 4; lastKnownFileType = sourcecode.cpp.cpp; path = ofxCvFloatImage.cpp; sourceTree = "<group>"; };
		BE85042214ECB82C008C407A /* ofxCvFloatImage.h */ = {isa = PBXFileReference; fileEncoding = 4; lastKnownFileType = sourcecode.c.h; path = ofxCvFloatImage.h; sourceTree = "<group>"; };
		BE85042314ECB82C008C407A /* ofxCvGrayscaleImage.cpp */ = {isa = PBXFileReference; fileEncoding = 4; lastKnownFileType = sourcecode.cpp.cpp; path = ofxCvGrayscaleImage.cpp; sourceTree = "<group>"; };
		BE85042414ECB82C008C407A /* ofxCvGrayscaleImage.h */ = {isa = PBXFileReference; fileEncoding = 4; lastKnownFileType = sourcecode.c.h; path = ofxCvGrayscaleImage.h; sourceTree = "<group>"; };
		BE85042514ECB82C008C407A /* ofxCvHaarFinder.cpp */ = {isa = PBXFileReference; fileEncoding = 4; lastKnownFileType = sourcecode.cpp.cpp; path = ofxCvHaarFinder.cpp; sourceTree = "<group>"; };
		BE85042614ECB82C008C407A /* ofxCvHaarFinder.h */ = {isa = PBXFileReference; fileEncoding = 4; lastKnownFileType = sourcecode.c.h; path = ofxCvHaarFinder.h; sourceTree = "<group>"; };
		BE85042714ECB82C008C407A /* ofxCvImage.cpp */ = {isa = PBXFileReference; fileEncoding = 4; lastKnownFileType = sourcecode.cpp.cpp; path = ofxCvImage.cpp; sourceTree = "<group>"; };
		BE85042814ECB82C008C407A /* ofxCvImage.h */ = {isa = PBXFileReference; fileEncoding = 4; lastKnownFileType = sourcecode.c.h; path = ofxCvImage.h; sourceTree = "<group>"; };
		BE85042914ECB82C008C407A /* ofxCvMain.h */ = {isa = PBXFileReference; fileEncoding = 4; lastKnownFileType = sourcecode.c.h; path = ofxCvMain.h; sourceTree = "<group>"; };
		BE85042A14ECB82C008C407A /* ofxCvShortImage.cpp */ = {isa = PBXFileReference; fileEncoding = 4; lastKnownFileType = sourcecode.cpp.cpp; path = ofxCvShortImage.cpp; sourceTree = "<group>"; };
		BE85042B14ECB82C008C407A /* ofxCvShortImage.h */ = {isa = PBXFileReference; fileEncoding = 4; lastKnownFileType = sourcecode.c.h; path = ofxCvShortImage.h; sourceTree = "<group>"; };
		BE85042C14ECB82C008C407A /* ofxOpenCv.h */ = {isa = PBXFileReference; fileEncoding = 4; lastKnownFileType = sourcecode.c.h; path = ofxOpenCv.h; sourceTree = "<group>"; };
		E4328143138ABC890047C5CB /* openFrameworksLib.xcodeproj */ = {isa = PBXFileReference; lastKnownFileType = "wrapper.pb-project"; name = openFrameworksLib.xcodeproj; path = ../../../libs/openFrameworksCompiled/project/osx/openFrameworksLib.xcodeproj; sourceTree = SOURCE_ROOT; };
		E45BE9710E8CC7DD009D7055 /* AGL.framework */ = {isa = PBXFileReference; lastKnownFileType = wrapper.framework; name = AGL.framework; path = /System/Library/Frameworks/AGL.framework; sourceTree = "<absolute>"; };
		E45BE9720E8CC7DD009D7055 /* ApplicationServices.framework */ = {isa = PBXFileReference; lastKnownFileType = wrapper.framework; name = ApplicationServices.framework; path = /System/Library/Frameworks/ApplicationServices.framework; sourceTree = "<absolute>"; };
		E45BE9730E8CC7DD009D7055 /* AudioToolbox.framework */ = {isa = PBXFileReference; lastKnownFileType = wrapper.framework; name = AudioToolbox.framework; path = /System/Library/Frameworks/AudioToolbox.framework; sourceTree = "<absolute>"; };
		E45BE9740E8CC7DD009D7055 /* Carbon.framework */ = {isa = PBXFileReference; lastKnownFileType = wrapper.framework; name = Carbon.framework; path = /System/Library/Frameworks/Carbon.framework; sourceTree = "<absolute>"; };
		E45BE9750E8CC7DD009D7055 /* CoreAudio.framework */ = {isa = PBXFileReference; lastKnownFileType = wrapper.framework; name = CoreAudio.framework; path = /System/Library/Frameworks/CoreAudio.framework; sourceTree = "<absolute>"; };
		E45BE9760E8CC7DD009D7055 /* CoreFoundation.framework */ = {isa = PBXFileReference; lastKnownFileType = wrapper.framework; name = CoreFoundation.framework; path = /System/Library/Frameworks/CoreFoundation.framework; sourceTree = "<absolute>"; };
		E45BE9770E8CC7DD009D7055 /* CoreServices.framework */ = {isa = PBXFileReference; lastKnownFileType = wrapper.framework; name = CoreServices.framework; path = /System/Library/Frameworks/CoreServices.framework; sourceTree = "<absolute>"; };
		E45BE9790E8CC7DD009D7055 /* OpenGL.framework */ = {isa = PBXFileReference; lastKnownFileType = wrapper.framework; name = OpenGL.framework; path = /System/Library/Frameworks/OpenGL.framework; sourceTree = "<absolute>"; };
		E45BE97A0E8CC7DD009D7055 /* QuickTime.framework */ = {isa = PBXFileReference; lastKnownFileType = wrapper.framework; name = QuickTime.framework; path = /System/Library/Frameworks/QuickTime.framework; sourceTree = "<absolute>"; };
		E4B69B5B0A3A1756003C02F2 /* ofAppDebug.app */ = {isa = PBXFileReference; explicitFileType = wrapper.application; includeInIndex = 0; path = ofAppDebug.app; sourceTree = BUILT_PRODUCTS_DIR; };
		E4B69E1D0A3A1BDC003C02F2 /* main.cpp */ = {isa = PBXFileReference; fileEncoding = 30; lastKnownFileType = sourcecode.cpp.cpp; name = main.cpp; path = src/main.cpp; sourceTree = SOURCE_ROOT; };
		E4B69E1E0A3A1BDC003C02F2 /* ofApp.cpp */ = {isa = PBXFileReference; explicitFileType = sourcecode.cpp.cpp; fileEncoding = 30; path = ofApp.cpp; sourceTree = "<group>"; };
		E4B69E1F0A3A1BDC003C02F2 /* ofApp.h */ = {isa = PBXFileReference; fileEncoding = 30; lastKnownFileType = sourcecode.c.h; path = ofApp.h; sourceTree = "<group>"; };
		E4B6FCAD0C3E899E008CF71C /* openFrameworks-Info.plist */ = {isa = PBXFileReference; fileEncoding = 30; lastKnownFileType = text.plist.xml; path = "openFrameworks-Info.plist"; sourceTree = "<group>"; };
		E4C2424410CC5A17004149E2 /* AppKit.framework */ = {isa = PBXFileReference; lastKnownFileType = wrapper.framework; name = AppKit.framework; path = /System/Library/Frameworks/AppKit.framework; sourceTree = "<absolute>"; };
		E4C2424510CC5A17004149E2 /* Cocoa.framework */ = {isa = PBXFileReference; lastKnownFileType = wrapper.framework; name = Cocoa.framework; path = /System/Library/Frameworks/Cocoa.framework; sourceTree = "<absolute>"; };
		E4C2424610CC5A17004149E2 /* IOKit.framework */ = {isa = PBXFileReference; lastKnownFileType = wrapper.framework; name = IOKit.framework; path = /System/Library/Frameworks/IOKit.framework; sourceTree = "<absolute>"; };
		E4EB691F138AFCF100A09F29 /* CoreOF.xcconfig */ = {isa = PBXFileReference; fileEncoding = 4; lastKnownFileType = text.xcconfig; name = CoreOF.xcconfig; path = ../../../libs/openFrameworksCompiled/project/osx/CoreOF.xcconfig; sourceTree = SOURCE_ROOT; };
		E4EB6923138AFD0F00A09F29 /* Project.xcconfig */ = {isa = PBXFileReference; fileEncoding = 4; lastKnownFileType = text.xcconfig; path = Project.xcconfig; sourceTree = "<group>"; };
/* End PBXFileReference section */

/* Begin PBXFrameworksBuildPhase section */
		E4B69B590A3A1756003C02F2 /* Frameworks */ = {
			isa = PBXFrameworksBuildPhase;
			buildActionMask = 2147483647;
			files = (
				E4EB6799138ADC1D00A09F29 /* GLUT.framework in Frameworks */,
				E4328149138ABC9F0047C5CB /* openFrameworksDebug.a in Frameworks */,
				E45BE97B0E8CC7DD009D7055 /* AGL.framework in Frameworks */,
				E45BE97C0E8CC7DD009D7055 /* ApplicationServices.framework in Frameworks */,
				E45BE97D0E8CC7DD009D7055 /* AudioToolbox.framework in Frameworks */,
				E45BE97E0E8CC7DD009D7055 /* Carbon.framework in Frameworks */,
				E45BE97F0E8CC7DD009D7055 /* CoreAudio.framework in Frameworks */,
				E45BE9800E8CC7DD009D7055 /* CoreFoundation.framework in Frameworks */,
				E45BE9810E8CC7DD009D7055 /* CoreServices.framework in Frameworks */,
				E45BE9830E8CC7DD009D7055 /* OpenGL.framework in Frameworks */,
				E45BE9840E8CC7DD009D7055 /* QuickTime.framework in Frameworks */,
				E4C2424710CC5A17004149E2 /* AppKit.framework in Frameworks */,
				E4C2424810CC5A17004149E2 /* Cocoa.framework in Frameworks */,
				E4C2424910CC5A17004149E2 /* IOKit.framework in Frameworks */,
				BE8503BC14ECB714008C407A /* freenect.lib in Frameworks */,
				BE8503C014ECB714008C407A /* usb-1.0.a in Frameworks */,
				BE85042D14ECB82C008C407A /* opencv.a in Frameworks */,
			);
			runOnlyForDeploymentPostprocessing = 0;
		};
/* End PBXFrameworksBuildPhase section */

/* Begin PBXGroup section */
		BB4B014C10F69532006C3DED /* addons */ = {
			isa = PBXGroup;
			children = (
				BE85036714ECB6F7008C407A /* ofxKinect */,
			);
			name = addons;
			sourceTree = "<group>";
		};
		BBAB23C913894ECA00AA2426 /* system frameworks */ = {
			isa = PBXGroup;
			children = (
				E4C2424410CC5A17004149E2 /* AppKit.framework */,
				E4C2424510CC5A17004149E2 /* Cocoa.framework */,
				E4C2424610CC5A17004149E2 /* IOKit.framework */,
				E45BE9710E8CC7DD009D7055 /* AGL.framework */,
				E45BE9720E8CC7DD009D7055 /* ApplicationServices.framework */,
				E45BE9730E8CC7DD009D7055 /* AudioToolbox.framework */,
				E45BE9740E8CC7DD009D7055 /* Carbon.framework */,
				E45BE9750E8CC7DD009D7055 /* CoreAudio.framework */,
				E45BE9760E8CC7DD009D7055 /* CoreFoundation.framework */,
				E45BE9770E8CC7DD009D7055 /* CoreServices.framework */,
				E45BE9790E8CC7DD009D7055 /* OpenGL.framework */,
				E45BE97A0E8CC7DD009D7055 /* QuickTime.framework */,
			);
			name = "system frameworks";
			sourceTree = "<group>";
		};
		BBAB23CA13894EDB00AA2426 /* 3rd party frameworks */ = {
			isa = PBXGroup;
			children = (
				BBAB23BE13894E4700AA2426 /* GLUT.framework */,
			);
			name = "3rd party frameworks";
			sourceTree = "<group>";
		};
		BE85036714ECB6F7008C407A /* ofxKinect */ = {
			isa = PBXGroup;
			children = (
				BE8503C214ECB82C008C407A /* ofxOpenCv */,
				BE85036814ECB714008C407A /* libs */,
				BE8503B614ECB714008C407A /* src */,
			);
			name = ofxKinect;
			sourceTree = "<group>";
		};
		BE85036814ECB714008C407A /* libs */ = {
			isa = PBXGroup;
			children = (
				BE85036914ECB714008C407A /* libfreenect */,
				BE85037D14ECB714008C407A /* libusb */,
			);
			name = libs;
			path = ../../../addons/ofxKinect/libs;
			sourceTree = "<group>";
		};
		BE85036914ECB714008C407A /* libfreenect */ = {
			isa = PBXGroup;
			children = (
				BE85036A14ECB714008C407A /* APACHE20 */,
				BE85036B14ECB714008C407A /* cameras.c */,
				BE85036C14ECB714008C407A /* cameras.h */,
				BE85036D14ECB714008C407A /* CONTRIB */,
				BE85036E14ECB714008C407A /* core.c */,
				BE85036F14ECB714008C407A /* freenect_internal.h */,
				BE85037014ECB714008C407A /* GPL2 */,
				BE85037114ECB714008C407A /* lib */,
				BE85037514ECB714008C407A /* libfreenect-registration.h */,
				BE85037614ECB714008C407A /* libfreenect.h */,
				BE85037714ECB714008C407A /* libfreenect.pc.in */,
				BE85037814ECB714008C407A /* registration.c */,
				BE85037914ECB714008C407A /* registration.h */,
				BE85037A14ECB714008C407A /* tilt.c */,
				BE85037B14ECB714008C407A /* usb_libusb10.c */,
				BE85037C14ECB714008C407A /* usb_libusb10.h */,
			);
			path = libfreenect;
			sourceTree = "<group>";
		};
		BE85037114ECB714008C407A /* lib */ = {
			isa = PBXGroup;
			children = (
				BE85037214ECB714008C407A /* vs2010 */,
			);
			path = lib;
			sourceTree = "<group>";
		};
		BE85037214ECB714008C407A /* vs2010 */ = {
			isa = PBXGroup;
			children = (
				BE85037314ECB714008C407A /* freenect.dll */,
				BE85037414ECB714008C407A /* freenect.lib */,
			);
			path = vs2010;
			sourceTree = "<group>";
		};
		BE85037D14ECB714008C407A /* libusb */ = {
			isa = PBXGroup;
			children = (
				BE85037E14ECB714008C407A /* osx */,
				BE85038414ECB714008C407A /* win */,
			);
			path = libusb;
			sourceTree = "<group>";
		};
		BE85037E14ECB714008C407A /* osx */ = {
			isa = PBXGroup;
			children = (
				BE85037F14ECB714008C407A /* include */,
				BE85038214ECB714008C407A /* libs */,
			);
			path = osx;
			sourceTree = "<group>";
		};
		BE85037F14ECB714008C407A /* include */ = {
			isa = PBXGroup;
			children = (
				BE85038014ECB714008C407A /* libusb-1.0 */,
			);
			path = include;
			sourceTree = "<group>";
		};
		BE85038014ECB714008C407A /* libusb-1.0 */ = {
			isa = PBXGroup;
			children = (
				BE85038114ECB714008C407A /* libusb.h */,
			);
			path = "libusb-1.0";
			sourceTree = "<group>";
		};
		BE85038214ECB714008C407A /* libs */ = {
			isa = PBXGroup;
			children = (
				BE85038314ECB714008C407A /* usb-1.0.a */,
			);
			path = libs;
			sourceTree = "<group>";
		};
		BE85038414ECB714008C407A /* win */ = {
			isa = PBXGroup;
			children = (
				BE85038514ECB714008C407A /* inf */,
			);
			path = win;
			sourceTree = "<group>";
		};
		BE85038514ECB714008C407A /* inf */ = {
			isa = PBXGroup;
			children = (
				BE85038614ECB714008C407A /* xbox nui audio */,
				BE85039614ECB714008C407A /* xbox nui camera */,
				BE8503A614ECB714008C407A /* xbox nui motor */,
			);
			path = inf;
			sourceTree = "<group>";
		};
		BE85038614ECB714008C407A /* xbox nui audio */ = {
			isa = PBXGroup;
			children = (
				BE85038714ECB714008C407A /* amd64 */,
				BE85038A14ECB714008C407A /* ia64 */,
				BE85038D14ECB714008C407A /* libusb-win32-bin-README.txt */,
				BE85038E14ECB714008C407A /* license */,
				BE85039114ECB714008C407A /* x86 */,
				BE85039414ECB714008C407A /* Xbox_NUI_Audio.cat */,
				BE85039514ECB714008C407A /* Xbox_NUI_Audio.inf */,
			);
			path = "xbox nui audio";
			sourceTree = "<group>";
		};
		BE85038714ECB714008C407A /* amd64 */ = {
			isa = PBXGroup;
			children = (
				BE85038814ECB714008C407A /* libusb0.dll */,
				BE85038914ECB714008C407A /* libusb0.sys */,
			);
			path = amd64;
			sourceTree = "<group>";
		};
		BE85038A14ECB714008C407A /* ia64 */ = {
			isa = PBXGroup;
			children = (
				BE85038B14ECB714008C407A /* libusb0.dll */,
				BE85038C14ECB714008C407A /* libusb0.sys */,
			);
			path = ia64;
			sourceTree = "<group>";
		};
		BE85038E14ECB714008C407A /* license */ = {
			isa = PBXGroup;
			children = (
				BE85038F14ECB714008C407A /* libusb-win32 */,
			);
			path = license;
			sourceTree = "<group>";
		};
		BE85038F14ECB714008C407A /* libusb-win32 */ = {
			isa = PBXGroup;
			children = (
				BE85039014ECB714008C407A /* installer_license.txt */,
			);
			path = "libusb-win32";
			sourceTree = "<group>";
		};
		BE85039114ECB714008C407A /* x86 */ = {
			isa = PBXGroup;
			children = (
				BE85039214ECB714008C407A /* libusb0.sys */,
				BE85039314ECB714008C407A /* libusb0_x86.dll */,
			);
			path = x86;
			sourceTree = "<group>";
		};
		BE85039614ECB714008C407A /* xbox nui camera */ = {
			isa = PBXGroup;
			children = (
				BE85039714ECB714008C407A /* amd64 */,
				BE85039A14ECB714008C407A /* ia64 */,
				BE85039D14ECB714008C407A /* libusb-win32-bin-README.txt */,
				BE85039E14ECB714008C407A /* license */,
				BE8503A114ECB714008C407A /* x86 */,
				BE8503A414ECB714008C407A /* Xbox_NUI_Camera.cat */,
				BE8503A514ECB714008C407A /* Xbox_NUI_Camera.inf */,
			);
			path = "xbox nui camera";
			sourceTree = "<group>";
		};
		BE85039714ECB714008C407A /* amd64 */ = {
			isa = PBXGroup;
			children = (
				BE85039814ECB714008C407A /* libusb0.dll */,
				BE85039914ECB714008C407A /* libusb0.sys */,
			);
			path = amd64;
			sourceTree = "<group>";
		};
		BE85039A14ECB714008C407A /* ia64 */ = {
			isa = PBXGroup;
			children = (
				BE85039B14ECB714008C407A /* libusb0.dll */,
				BE85039C14ECB714008C407A /* libusb0.sys */,
			);
			path = ia64;
			sourceTree = "<group>";
		};
		BE85039E14ECB714008C407A /* license */ = {
			isa = PBXGroup;
			children = (
				BE85039F14ECB714008C407A /* libusb-win32 */,
			);
			path = license;
			sourceTree = "<group>";
		};
		BE85039F14ECB714008C407A /* libusb-win32 */ = {
			isa = PBXGroup;
			children = (
				BE8503A014ECB714008C407A /* installer_license.txt */,
			);
			path = "libusb-win32";
			sourceTree = "<group>";
		};
		BE8503A114ECB714008C407A /* x86 */ = {
			isa = PBXGroup;
			children = (
				BE8503A214ECB714008C407A /* libusb0.sys */,
				BE8503A314ECB714008C407A /* libusb0_x86.dll */,
			);
			path = x86;
			sourceTree = "<group>";
		};
		BE8503A614ECB714008C407A /* xbox nui motor */ = {
			isa = PBXGroup;
			children = (
				BE8503A714ECB714008C407A /* amd64 */,
				BE8503AA14ECB714008C407A /* ia64 */,
				BE8503AD14ECB714008C407A /* libusb-win32-bin-README.txt */,
				BE8503AE14ECB714008C407A /* license */,
				BE8503B114ECB714008C407A /* x86 */,
				BE8503B414ECB714008C407A /* Xbox_NUI_Motor.cat */,
				BE8503B514ECB714008C407A /* Xbox_NUI_Motor.inf */,
			);
			path = "xbox nui motor";
			sourceTree = "<group>";
		};
		BE8503A714ECB714008C407A /* amd64 */ = {
			isa = PBXGroup;
			children = (
				BE8503A814ECB714008C407A /* libusb0.dll */,
				BE8503A914ECB714008C407A /* libusb0.sys */,
			);
			path = amd64;
			sourceTree = "<group>";
		};
		BE8503AA14ECB714008C407A /* ia64 */ = {
			isa = PBXGroup;
			children = (
				BE8503AB14ECB714008C407A /* libusb0.dll */,
				BE8503AC14ECB714008C407A /* libusb0.sys */,
			);
			path = ia64;
			sourceTree = "<group>";
		};
		BE8503AE14ECB714008C407A /* license */ = {
			isa = PBXGroup;
			children = (
				BE8503AF14ECB714008C407A /* libusb-win32 */,
			);
			path = license;
			sourceTree = "<group>";
		};
		BE8503AF14ECB714008C407A /* libusb-win32 */ = {
			isa = PBXGroup;
			children = (
				BE8503B014ECB714008C407A /* installer_license.txt */,
			);
			path = "libusb-win32";
			sourceTree = "<group>";
		};
		BE8503B114ECB714008C407A /* x86 */ = {
			isa = PBXGroup;
			children = (
				BE8503B214ECB714008C407A /* libusb0.sys */,
				BE8503B314ECB714008C407A /* libusb0_x86.dll */,
			);
			path = x86;
			sourceTree = "<group>";
		};
		BE8503B614ECB714008C407A /* src */ = {
			isa = PBXGroup;
			children = (
				BE8503B714ECB714008C407A /* ofxBase3DVideo.h */,
				BE8503B814ECB714008C407A /* ofxKinect.cpp */,
				BE8503B914ECB714008C407A /* ofxKinect.h */,
			);
			name = src;
			path = ../../../addons/ofxKinect/src;
			sourceTree = "<group>";
		};
		BE8503C214ECB82C008C407A /* ofxOpenCv */ = {
			isa = PBXGroup;
			children = (
				BE8503C314ECB82C008C407A /* install.xml */,
				BE8503C414ECB82C008C407A /* libs */,
				BE85041A14ECB82C008C407A /* src */,
			);
			name = ofxOpenCv;
			path = ../../../addons/ofxOpenCv;
			sourceTree = "<group>";
		};
		BE8503C414ECB82C008C407A /* libs */ = {
			isa = PBXGroup;
			children = (
				BE8503C514ECB82C008C407A /* opencv */,
			);
			path = libs;
			sourceTree = "<group>";
		};
		BE8503C514ECB82C008C407A /* opencv */ = {
			isa = PBXGroup;
			children = (
				BE8503C614ECB82C008C407A /* include */,
				BE85041714ECB82C008C407A /* lib */,
			);
			path = opencv;
			sourceTree = "<group>";
		};
		BE8503C614ECB82C008C407A /* include */ = {
			isa = PBXGroup;
			children = (
				BE8503C714ECB82C008C407A /* opencv */,
				BE8503D314ECB82C008C407A /* opencv2 */,
			);
			path = include;
			sourceTree = "<group>";
		};
		BE8503C714ECB82C008C407A /* opencv */ = {
			isa = PBXGroup;
			children = (
				BE8503C814ECB82C008C407A /* cv.h */,
				BE8503C914ECB82C008C407A /* cv.hpp */,
				BE8503CA14ECB82C008C407A /* cvaux.h */,
				BE8503CB14ECB82C008C407A /* cvaux.hpp */,
				BE8503CC14ECB82C008C407A /* cvwimage.h */,
				BE8503CD14ECB82C008C407A /* cxcore.h */,
				BE8503CE14ECB82C008C407A /* cxcore.hpp */,
				BE8503CF14ECB82C008C407A /* cxeigen.hpp */,
				BE8503D014ECB82C008C407A /* cxmisc.h */,
				BE8503D114ECB82C008C407A /* highgui.h */,
				BE8503D214ECB82C008C407A /* ml.h */,
			);
			path = opencv;
			sourceTree = "<group>";
		};
		BE8503D314ECB82C008C407A /* opencv2 */ = {
			isa = PBXGroup;
			children = (
				BE8503D414ECB82C008C407A /* calib3d */,
				BE8503D614ECB82C008C407A /* contrib */,
				BE8503D814ECB82C008C407A /* core */,
				BE8503E214ECB82C008C407A /* features2d */,
				BE8503E414ECB82C008C407A /* flann */,
				BE8503FE14ECB82C008C407A /* gpu */,
				BE85040314ECB82C008C407A /* highgui */,
				BE85040614ECB82C008C407A /* imgproc */,
				BE85040A14ECB82C008C407A /* legacy */,
				BE85040F14ECB82C008C407A /* ml */,
				BE85041114ECB82C008C407A /* objdetect */,
				BE85041314ECB82C008C407A /* opencv.hpp */,
				BE85041414ECB82C008C407A /* video */,
			);
			path = opencv2;
			sourceTree = "<group>";
		};
		BE8503D414ECB82C008C407A /* calib3d */ = {
			isa = PBXGroup;
			children = (
				BE8503D514ECB82C008C407A /* calib3d.hpp */,
			);
			path = calib3d;
			sourceTree = "<group>";
		};
		BE8503D614ECB82C008C407A /* contrib */ = {
			isa = PBXGroup;
			children = (
				BE8503D714ECB82C008C407A /* contrib.hpp */,
			);
			path = contrib;
			sourceTree = "<group>";
		};
		BE8503D814ECB82C008C407A /* core */ = {
			isa = PBXGroup;
			children = (
				BE8503D914ECB82C008C407A /* core.hpp */,
				BE8503DA14ECB82C008C407A /* core_c.h */,
				BE8503DB14ECB82C008C407A /* eigen.hpp */,
				BE8503DC14ECB82C008C407A /* internal.hpp */,
				BE8503DD14ECB82C008C407A /* mat.hpp */,
				BE8503DE14ECB82C008C407A /* operations.hpp */,
				BE8503DF14ECB82C008C407A /* types_c.h */,
				BE8503E014ECB82C008C407A /* version.hpp */,
				BE8503E114ECB82C008C407A /* wimage.hpp */,
			);
			path = core;
			sourceTree = "<group>";
		};
		BE8503E214ECB82C008C407A /* features2d */ = {
			isa = PBXGroup;
			children = (
				BE8503E314ECB82C008C407A /* features2d.hpp */,
			);
			path = features2d;
			sourceTree = "<group>";
		};
		BE8503E414ECB82C008C407A /* flann */ = {
			isa = PBXGroup;
			children = (
				BE8503E514ECB82C008C407A /* all_indices.h */,
				BE8503E614ECB82C008C407A /* allocator.h */,
				BE8503E714ECB82C008C407A /* autotuned_index.h */,
				BE8503E814ECB82C008C407A /* composite_index.h */,
				BE8503E914ECB82C008C407A /* dist.h */,
				BE8503EA14ECB82C008C407A /* flann.hpp */,
				BE8503EB14ECB82C008C407A /* flann_base.hpp */,
				BE8503EC14ECB82C008C407A /* general.h */,
				BE8503ED14ECB82C008C407A /* ground_truth.h */,
				BE8503EE14ECB82C008C407A /* hdf5.h */,
				BE8503EF14ECB82C008C407A /* heap.h */,
				BE8503F014ECB82C008C407A /* index_testing.h */,
				BE8503F114ECB82C008C407A /* kdtree_index.h */,
				BE8503F214ECB82C008C407A /* kmeans_index.h */,
				BE8503F314ECB82C008C407A /* linear_index.h */,
				BE8503F414ECB82C008C407A /* logger.h */,
				BE8503F514ECB82C008C407A /* matrix.h */,
				BE8503F614ECB82C008C407A /* nn_index.h */,
				BE8503F714ECB82C008C407A /* object_factory.h */,
				BE8503F814ECB82C008C407A /* random.h */,
				BE8503F914ECB82C008C407A /* result_set.h */,
				BE8503FA14ECB82C008C407A /* sampling.h */,
				BE8503FB14ECB82C008C407A /* saving.h */,
				BE8503FC14ECB82C008C407A /* simplex_downhill.h */,
				BE8503FD14ECB82C008C407A /* timer.h */,
			);
			path = flann;
			sourceTree = "<group>";
		};
		BE8503FE14ECB82C008C407A /* gpu */ = {
			isa = PBXGroup;
			children = (
				BE8503FF14ECB82C008C407A /* devmem2d.hpp */,
				BE85040014ECB82C008C407A /* gpu.hpp */,
				BE85040114ECB82C008C407A /* matrix_operations.hpp */,
				BE85040214ECB82C008C407A /* stream_accessor.hpp */,
			);
			path = gpu;
			sourceTree = "<group>";
		};
		BE85040314ECB82C008C407A /* highgui */ = {
			isa = PBXGroup;
			children = (
				BE85040414ECB82C008C407A /* highgui.hpp */,
				BE85040514ECB82C008C407A /* highgui_c.h */,
			);
			path = highgui;
			sourceTree = "<group>";
		};
		BE85040614ECB82C008C407A /* imgproc */ = {
			isa = PBXGroup;
			children = (
				BE85040714ECB82C008C407A /* imgproc.hpp */,
				BE85040814ECB82C008C407A /* imgproc_c.h */,
				BE85040914ECB82C008C407A /* types_c.h */,
			);
			path = imgproc;
			sourceTree = "<group>";
		};
		BE85040A14ECB82C008C407A /* legacy */ = {
			isa = PBXGroup;
			children = (
				BE85040B14ECB82C008C407A /* blobtrack.hpp */,
				BE85040C14ECB82C008C407A /* compat.hpp */,
				BE85040D14ECB82C008C407A /* legacy.hpp */,
				BE85040E14ECB82C008C407A /* streams.hpp */,
			);
			path = legacy;
			sourceTree = "<group>";
		};
		BE85040F14ECB82C008C407A /* ml */ = {
			isa = PBXGroup;
			children = (
				BE85041014ECB82C008C407A /* ml.hpp */,
			);
			path = ml;
			sourceTree = "<group>";
		};
		BE85041114ECB82C008C407A /* objdetect */ = {
			isa = PBXGroup;
			children = (
				BE85041214ECB82C008C407A /* objdetect.hpp */,
			);
			path = objdetect;
			sourceTree = "<group>";
		};
		BE85041414ECB82C008C407A /* video */ = {
			isa = PBXGroup;
			children = (
				BE85041514ECB82C008C407A /* background_segm.hpp */,
				BE85041614ECB82C008C407A /* tracking.hpp */,
			);
			path = video;
			sourceTree = "<group>";
		};
		BE85041714ECB82C008C407A /* lib */ = {
			isa = PBXGroup;
			children = (
				BE85041814ECB82C008C407A /* osx */,
			);
			path = lib;
			sourceTree = "<group>";
		};
		BE85041814ECB82C008C407A /* osx */ = {
			isa = PBXGroup;
			children = (
				BE85041914ECB82C008C407A /* opencv.a */,
			);
			path = osx;
			sourceTree = "<group>";
		};
		BE85041A14ECB82C008C407A /* src */ = {
			isa = PBXGroup;
			children = (
				BE85041B14ECB82C008C407A /* ofxCvBlob.h */,
				BE85041C14ECB82C008C407A /* ofxCvColorImage.cpp */,
				BE85041D14ECB82C008C407A /* ofxCvColorImage.h */,
				BE85041E14ECB82C008C407A /* ofxCvConstants.h */,
				BE85041F14ECB82C008C407A /* ofxCvContourFinder.cpp */,
				BE85042014ECB82C008C407A /* ofxCvContourFinder.h */,
				BE85042114ECB82C008C407A /* ofxCvFloatImage.cpp */,
				BE85042214ECB82C008C407A /* ofxCvFloatImage.h */,
				BE85042314ECB82C008C407A /* ofxCvGrayscaleImage.cpp */,
				BE85042414ECB82C008C407A /* ofxCvGrayscaleImage.h */,
				BE85042514ECB82C008C407A /* ofxCvHaarFinder.cpp */,
				BE85042614ECB82C008C407A /* ofxCvHaarFinder.h */,
				BE85042714ECB82C008C407A /* ofxCvImage.cpp */,
				BE85042814ECB82C008C407A /* ofxCvImage.h */,
				BE85042914ECB82C008C407A /* ofxCvMain.h */,
				BE85042A14ECB82C008C407A /* ofxCvShortImage.cpp */,
				BE85042B14ECB82C008C407A /* ofxCvShortImage.h */,
				BE85042C14ECB82C008C407A /* ofxOpenCv.h */,
			);
			path = src;
			sourceTree = "<group>";
		};
		E4328144138ABC890047C5CB /* Products */ = {
			isa = PBXGroup;
			children = (
				E4328148138ABC890047C5CB /* openFrameworksDebug.a */,
			);
			name = Products;
			sourceTree = "<group>";
		};
		E45BE5980E8CC70C009D7055 /* frameworks */ = {
			isa = PBXGroup;
			children = (
				BBAB23CA13894EDB00AA2426 /* 3rd party frameworks */,
				BBAB23C913894ECA00AA2426 /* system frameworks */,
			);
			name = frameworks;
			sourceTree = "<group>";
		};
		E4B69B4A0A3A1720003C02F2 = {
			isa = PBXGroup;
			children = (
				E4B69E1C0A3A1BDC003C02F2 /* src */,
				E4EEC9E9138DF44700A80321 /* openFrameworks */,
				BB4B014C10F69532006C3DED /* addons */,
				E45BE5980E8CC70C009D7055 /* frameworks */,
				E4B69B5B0A3A1756003C02F2 /* ofAppDebug.app */,
			);
			sourceTree = "<group>";
		};
		E4B69E1C0A3A1BDC003C02F2 /* src */ = {
			isa = PBXGroup;
			children = (
				27C992C914E4FFFA0069177A /* LineArt.h */,
				E4B69E1D0A3A1BDC003C02F2 /* main.cpp */,
				E4B69E1E0A3A1BDC003C02F2 /* ofApp.cpp */,
				E4B69E1F0A3A1BDC003C02F2 /* ofApp.h */,
			);
			path = src;
			sourceTree = SOURCE_ROOT;
		};
		E4EEC9E9138DF44700A80321 /* openFrameworks */ = {
			isa = PBXGroup;
			children = (
				E4EB6923138AFD0F00A09F29 /* Project.xcconfig */,
				E4EB691F138AFCF100A09F29 /* CoreOF.xcconfig */,
				E4328143138ABC890047C5CB /* openFrameworksLib.xcodeproj */,
				E4B6FCAD0C3E899E008CF71C /* openFrameworks-Info.plist */,
			);
			name = openFrameworks;
			sourceTree = "<group>";
		};
/* End PBXGroup section */

/* Begin PBXNativeTarget section */
		E4B69B5A0A3A1756003C02F2 /* ofApp */ = {
			isa = PBXNativeTarget;
			buildConfigurationList = E4B69B5F0A3A1757003C02F2 /* Build configuration list for PBXNativeTarget "ofApp" */;
			buildPhases = (
				E4B69B580A3A1756003C02F2 /* Sources */,
				E4B69B590A3A1756003C02F2 /* Frameworks */,
				E4B6FFFD0C3F9AB9008CF71C /* ShellScript */,
				E4C2427710CC5ABF004149E2 /* CopyFiles */,
			);
			buildRules = (
			);
			dependencies = (
				E4EEB9AC138B136A00A80321 /* PBXTargetDependency */,
			);
			name = ofApp;
			productName = myOFApp;
			productReference = E4B69B5B0A3A1756003C02F2 /* ofAppDebug.app */;
			productType = "com.apple.product-type.application";
		};
/* End PBXNativeTarget section */

/* Begin PBXProject section */
		E4B69B4C0A3A1720003C02F2 /* Project object */ = {
			isa = PBXProject;
			buildConfigurationList = E4B69B4D0A3A1720003C02F2 /* Build configuration list for PBXProject "ofApp" */;
			compatibilityVersion = "Xcode 2.4";
			developmentRegion = English;
			hasScannedForEncodings = 0;
			knownRegions = (
				English,
				Japanese,
				French,
				German,
			);
			mainGroup = E4B69B4A0A3A1720003C02F2;
			productRefGroup = E4B69B4A0A3A1720003C02F2;
			projectDirPath = "";
			projectReferences = (
				{
					ProductGroup = E4328144138ABC890047C5CB /* Products */;
					ProjectRef = E4328143138ABC890047C5CB /* openFrameworksLib.xcodeproj */;
				},
			);
			projectRoot = "";
			targets = (
				E4B69B5A0A3A1756003C02F2 /* ofApp */,
			);
		};
/* End PBXProject section */

/* Begin PBXReferenceProxy section */
		E4328148138ABC890047C5CB /* openFrameworksDebug.a */ = {
			isa = PBXReferenceProxy;
			fileType = archive.ar;
			path = openFrameworksDebug.a;
			remoteRef = E4328147138ABC890047C5CB /* PBXContainerItemProxy */;
			sourceTree = BUILT_PRODUCTS_DIR;
		};
/* End PBXReferenceProxy section */

/* Begin PBXShellScriptBuildPhase section */
		E4B6FFFD0C3F9AB9008CF71C /* ShellScript */ = {
			isa = PBXShellScriptBuildPhase;
			buildActionMask = 2147483647;
			files = (
			);
			inputPaths = (
			);
			outputPaths = (
			);
			runOnlyForDeploymentPostprocessing = 0;
			shellPath = /bin/sh;
			shellScript = "cp -f ../../../libs/fmodex/lib/osx/libfmodex.dylib \"$TARGET_BUILD_DIR/$PRODUCT_NAME.app/Contents/MacOS/libfmodex.dylib\"; install_name_tool -change ./libfmodex.dylib @executable_path/libfmodex.dylib \"$TARGET_BUILD_DIR/$PRODUCT_NAME.app/Contents/MacOS/$PRODUCT_NAME\";";
		};
/* End PBXShellScriptBuildPhase section */

/* Begin PBXSourcesBuildPhase section */
		E4B69B580A3A1756003C02F2 /* Sources */ = {
			isa = PBXSourcesBuildPhase;
			buildActionMask = 2147483647;
			files = (
				E4B69E200A3A1BDC003C02F2 /* main.cpp in Sources */,
				E4B69E210A3A1BDC003C02F2 /* ofApp.cpp in Sources */,
				BE8503BA14ECB714008C407A /* cameras.c in Sources */,
				BE8503BB14ECB714008C407A /* core.c in Sources */,
				BE8503BD14ECB714008C407A /* registration.c in Sources */,
				BE8503BE14ECB714008C407A /* tilt.c in Sources */,
				BE8503BF14ECB714008C407A /* usb_libusb10.c in Sources */,
				BE8503C114ECB714008C407A /* ofxKinect.cpp in Sources */,
				BE85042E14ECB82C008C407A /* ofxCvColorImage.cpp in Sources */,
				BE85042F14ECB82C008C407A /* ofxCvContourFinder.cpp in Sources */,
				BE85043014ECB82C008C407A /* ofxCvFloatImage.cpp in Sources */,
				BE85043114ECB82C008C407A /* ofxCvGrayscaleImage.cpp in Sources */,
				BE85043214ECB82C008C407A /* ofxCvHaarFinder.cpp in Sources */,
				BE85043314ECB82C008C407A /* ofxCvImage.cpp in Sources */,
				BE85043414ECB82C008C407A /* ofxCvShortImage.cpp in Sources */,
			);
			runOnlyForDeploymentPostprocessing = 0;
		};
/* End PBXSourcesBuildPhase section */

/* Begin PBXTargetDependency section */
		E4EEB9AC138B136A00A80321 /* PBXTargetDependency */ = {
			isa = PBXTargetDependency;
			name = openFrameworks;
			targetProxy = E4EEB9AB138B136A00A80321 /* PBXContainerItemProxy */;
		};
/* End PBXTargetDependency section */

/* Begin XCBuildConfiguration section */
		E4B69B4E0A3A1720003C02F2 /* Debug */ = {
			isa = XCBuildConfiguration;
			baseConfigurationReference = E4EB6923138AFD0F00A09F29 /* Project.xcconfig */;
			buildSettings = {
				ARCHS = "$(NATIVE_ARCH)";
				CONFIGURATION_BUILD_DIR = "$(SRCROOT)/bin/";
				COPY_PHASE_STRIP = NO;
				DEAD_CODE_STRIPPING = YES;
				GCC_AUTO_VECTORIZATION = YES;
				GCC_ENABLE_SSE3_EXTENSIONS = YES;
				GCC_ENABLE_SUPPLEMENTAL_SSE3_INSTRUCTIONS = YES;
				GCC_INLINES_ARE_PRIVATE_EXTERN = NO;
				GCC_MODEL_TUNING = G5;
				GCC_SYMBOLS_PRIVATE_EXTERN = NO;
				GCC_WARN_ABOUT_DEPRECATED_FUNCTIONS = NO;
				GCC_WARN_ABOUT_INVALID_OFFSETOF_MACRO = NO;
				GCC_WARN_ALLOW_INCOMPLETE_PROTOCOL = NO;
				GCC_WARN_UNINITIALIZED_AUTOS = NO;
				GCC_WARN_UNUSED_VALUE = NO;
				GCC_WARN_UNUSED_VARIABLE = NO;
				OTHER_CPLUSPLUSFLAGS = (
					"-D__MACOSX_CORE__",
					"-lpthread",
				);
			};
			name = Debug;
		};
		E4B69B4F0A3A1720003C02F2 /* Release */ = {
			isa = XCBuildConfiguration;
			baseConfigurationReference = E4EB6923138AFD0F00A09F29 /* Project.xcconfig */;
			buildSettings = {
				ARCHS = "$(NATIVE_ARCH)";
				CONFIGURATION_BUILD_DIR = "$(SRCROOT)/bin/";
				COPY_PHASE_STRIP = YES;
				DEAD_CODE_STRIPPING = YES;
				GCC_AUTO_VECTORIZATION = YES;
				GCC_ENABLE_SSE3_EXTENSIONS = YES;
				GCC_ENABLE_SUPPLEMENTAL_SSE3_INSTRUCTIONS = YES;
				GCC_INLINES_ARE_PRIVATE_EXTERN = NO;
				GCC_MODEL_TUNING = G5;
				GCC_OPTIMIZATION_LEVEL = 3;
				GCC_SYMBOLS_PRIVATE_EXTERN = NO;
				GCC_UNROLL_LOOPS = YES;
				GCC_WARN_ABOUT_DEPRECATED_FUNCTIONS = NO;
				GCC_WARN_ABOUT_INVALID_OFFSETOF_MACRO = NO;
				GCC_WARN_ALLOW_INCOMPLETE_PROTOCOL = NO;
				GCC_WARN_UNINITIALIZED_AUTOS = NO;
				GCC_WARN_UNUSED_VALUE = NO;
				GCC_WARN_UNUSED_VARIABLE = NO;
				OTHER_CPLUSPLUSFLAGS = (
					"-D__MACOSX_CORE__",
					"-lpthread",
				);
			};
			name = Release;
		};
		E4B69B600A3A1757003C02F2 /* Debug */ = {
			isa = XCBuildConfiguration;
			buildSettings = {
				COPY_PHASE_STRIP = NO;
				FRAMEWORK_SEARCH_PATHS = (
					"$(inherited)",
					"$(FRAMEWORK_SEARCH_PATHS_QUOTED_FOR_TARGET_1)",
				);
				FRAMEWORK_SEARCH_PATHS_QUOTED_FOR_TARGET_1 = "\"$(SRCROOT)/../../../libs/glut/lib/osx\"";
				GCC_DYNAMIC_NO_PIC = NO;
				GCC_ENABLE_FIX_AND_CONTINUE = YES;
				GCC_GENERATE_DEBUGGING_SYMBOLS = YES;
				GCC_MODEL_TUNING = G4;
				GCC_PRECOMPILE_PREFIX_HEADER = YES;
				GCC_PREFIX_HEADER = "$(SYSTEM_LIBRARY_DIR)/Frameworks/Carbon.framework/Headers/Carbon.h";
				INFOPLIST_FILE = "openFrameworks-Info.plist";
				INSTALL_PATH = "$(HOME)/Applications";
				LIBRARY_SEARCH_PATHS = (
					"$(inherited)",
					"$(LIBRARY_SEARCH_PATHS_QUOTED_FOR_TARGET_1)",
					"$(LIBRARY_SEARCH_PATHS_QUOTED_FOR_TARGET_2)",
					"$(LIBRARY_SEARCH_PATHS_QUOTED_FOR_TARGET_3)",
					"$(LIBRARY_SEARCH_PATHS_QUOTED_FOR_TARGET_4)",
					"$(LIBRARY_SEARCH_PATHS_QUOTED_FOR_TARGET_5)",
					"$(LIBRARY_SEARCH_PATHS_QUOTED_FOR_TARGET_6)",
					"$(LIBRARY_SEARCH_PATHS_QUOTED_FOR_TARGET_7)",
					"$(LIBRARY_SEARCH_PATHS_QUOTED_FOR_TARGET_8)",
					"$(LIBRARY_SEARCH_PATHS_QUOTED_FOR_TARGET_9)",
					"$(LIBRARY_SEARCH_PATHS_QUOTED_FOR_TARGET_10)",
					"$(LIBRARY_SEARCH_PATHS_QUOTED_FOR_TARGET_11)",
					"$(LIBRARY_SEARCH_PATHS_QUOTED_FOR_TARGET_12)",
					"$(LIBRARY_SEARCH_PATHS_QUOTED_FOR_TARGET_13)",
					"$(LIBRARY_SEARCH_PATHS_QUOTED_FOR_TARGET_14)",
					"$(LIBRARY_SEARCH_PATHS_QUOTED_FOR_TARGET_15)",
					"$(LIBRARY_SEARCH_PATHS_QUOTED_FOR_TARGET_2)",
					"$(LIBRARY_SEARCH_PATHS_QUOTED_FOR_TARGET_3)",
					"$(LIBRARY_SEARCH_PATHS_QUOTED_FOR_TARGET_7)",
					"$(LIBRARY_SEARCH_PATHS_QUOTED_FOR_TARGET_8)",
					"$(LIBRARY_SEARCH_PATHS_QUOTED_FOR_TARGET_9)",
					"$(LIBRARY_SEARCH_PATHS_QUOTED_FOR_TARGET_10)",
					"$(LIBRARY_SEARCH_PATHS_QUOTED_FOR_TARGET_11)",
					"$(LIBRARY_SEARCH_PATHS_QUOTED_FOR_TARGET_12)",
					"$(LIBRARY_SEARCH_PATHS_QUOTED_FOR_TARGET_13)",
					"$(LIBRARY_SEARCH_PATHS_QUOTED_FOR_TARGET_16)",
					"$(LIBRARY_SEARCH_PATHS_QUOTED_FOR_TARGET_17)",
					"$(LIBRARY_SEARCH_PATHS_QUOTED_FOR_TARGET_18)",
					"$(LIBRARY_SEARCH_PATHS_QUOTED_FOR_TARGET_19)",
					"$(LIBRARY_SEARCH_PATHS_QUOTED_FOR_TARGET_20)",
					"$(LIBRARY_SEARCH_PATHS_QUOTED_FOR_TARGET_21)",
					"$(LIBRARY_SEARCH_PATHS_QUOTED_FOR_TARGET_22)",
					"$(LIBRARY_SEARCH_PATHS_QUOTED_FOR_TARGET_23)",
					"$(LIBRARY_SEARCH_PATHS_QUOTED_FOR_TARGET_24)",
					"$(LIBRARY_SEARCH_PATHS_QUOTED_FOR_TARGET_25)",
					"$(LIBRARY_SEARCH_PATHS_QUOTED_FOR_TARGET_26)",
					"$(LIBRARY_SEARCH_PATHS_QUOTED_FOR_TARGET_27)",
					"$(LIBRARY_SEARCH_PATHS_QUOTED_FOR_TARGET_28)",
					"$(LIBRARY_SEARCH_PATHS_QUOTED_FOR_TARGET_29)",
					"$(LIBRARY_SEARCH_PATHS_QUOTED_FOR_TARGET_30)",
					"$(LIBRARY_SEARCH_PATHS_QUOTED_FOR_TARGET_31)",
					"$(LIBRARY_SEARCH_PATHS_QUOTED_FOR_TARGET_32)",
					"$(LIBRARY_SEARCH_PATHS_QUOTED_FOR_TARGET_33)",
					"$(LIBRARY_SEARCH_PATHS_QUOTED_FOR_TARGET_34)",
					"$(LIBRARY_SEARCH_PATHS_QUOTED_FOR_TARGET_35)",
					"$(LIBRARY_SEARCH_PATHS_QUOTED_FOR_TARGET_36)",
					"$(LIBRARY_SEARCH_PATHS_QUOTED_FOR_TARGET_37)",
					"$(LIBRARY_SEARCH_PATHS_QUOTED_FOR_TARGET_38)",
					"$(LIBRARY_SEARCH_PATHS_QUOTED_FOR_TARGET_39)",
					"$(LIBRARY_SEARCH_PATHS_QUOTED_FOR_TARGET_40)",
					"$(LIBRARY_SEARCH_PATHS_QUOTED_FOR_TARGET_41)",
					"$(LIBRARY_SEARCH_PATHS_QUOTED_FOR_TARGET_42)",
					"$(LIBRARY_SEARCH_PATHS_QUOTED_FOR_TARGET_43)",
					"$(LIBRARY_SEARCH_PATHS_QUOTED_FOR_TARGET_44)",
					"$(LIBRARY_SEARCH_PATHS_QUOTED_FOR_TARGET_45)",
					"$(LIBRARY_SEARCH_PATHS_QUOTED_FOR_TARGET_46)",
					"$(LIBRARY_SEARCH_PATHS_QUOTED_FOR_TARGET_47)",
					"$(LIBRARY_SEARCH_PATHS_QUOTED_FOR_TARGET_48)",
					"$(LIBRARY_SEARCH_PATHS_QUOTED_FOR_TARGET_49)",
					"$(LIBRARY_SEARCH_PATHS_QUOTED_FOR_TARGET_50)",
					"$(LIBRARY_SEARCH_PATHS_QUOTED_FOR_TARGET_51)",
					"$(LIBRARY_SEARCH_PATHS_QUOTED_FOR_TARGET_52)",
					"$(LIBRARY_SEARCH_PATHS_QUOTED_FOR_TARGET_1)",
					"$(LIBRARY_SEARCH_PATHS_QUOTED_FOR_TARGET_2)",
					"$(LIBRARY_SEARCH_PATHS_QUOTED_FOR_TARGET_3)",
				);
				LIBRARY_SEARCH_PATHS_QUOTED_FOR_TARGET_1 = "\"$(SRCROOT)/../../../addons/ofxKinect/libs/libfreenect/lib/vs2010\"";
				LIBRARY_SEARCH_PATHS_QUOTED_FOR_TARGET_2 = "\"$(SRCROOT)/../../../addons/ofxKinect/libs/libusb/osx/libs\"";
				LIBRARY_SEARCH_PATHS_QUOTED_FOR_TARGET_3 = "\"$(SRCROOT)/../../../addons/ofxOpenCv/libs/opencv/lib/osx\"";
				PREBINDING = NO;
				PRODUCT_NAME = "$(TARGET_NAME)Debug";
				WRAPPER_EXTENSION = app;
			};
			name = Debug;
		};
		E4B69B610A3A1757003C02F2 /* Release */ = {
			isa = XCBuildConfiguration;
			buildSettings = {
				COPY_PHASE_STRIP = YES;
				FRAMEWORK_SEARCH_PATHS = (
					"$(inherited)",
					"$(FRAMEWORK_SEARCH_PATHS_QUOTED_FOR_TARGET_1)",
				);
				FRAMEWORK_SEARCH_PATHS_QUOTED_FOR_TARGET_1 = "\"$(SRCROOT)/../../../libs/glut/lib/osx\"";
				GCC_ENABLE_FIX_AND_CONTINUE = NO;
				GCC_GENERATE_DEBUGGING_SYMBOLS = NO;
				GCC_MODEL_TUNING = G4;
				GCC_PRECOMPILE_PREFIX_HEADER = YES;
				GCC_PREFIX_HEADER = "$(SYSTEM_LIBRARY_DIR)/Frameworks/Carbon.framework/Headers/Carbon.h";
				INFOPLIST_FILE = "openFrameworks-Info.plist";
				INSTALL_PATH = "$(HOME)/Applications";
				LIBRARY_SEARCH_PATHS = (
					"$(inherited)",
					"$(LIBRARY_SEARCH_PATHS_QUOTED_FOR_TARGET_1)",
					"$(LIBRARY_SEARCH_PATHS_QUOTED_FOR_TARGET_2)",
					"$(LIBRARY_SEARCH_PATHS_QUOTED_FOR_TARGET_3)",
					"$(LIBRARY_SEARCH_PATHS_QUOTED_FOR_TARGET_4)",
					"$(LIBRARY_SEARCH_PATHS_QUOTED_FOR_TARGET_5)",
					"$(LIBRARY_SEARCH_PATHS_QUOTED_FOR_TARGET_6)",
					"$(LIBRARY_SEARCH_PATHS_QUOTED_FOR_TARGET_7)",
					"$(LIBRARY_SEARCH_PATHS_QUOTED_FOR_TARGET_8)",
					"$(LIBRARY_SEARCH_PATHS_QUOTED_FOR_TARGET_9)",
					"$(LIBRARY_SEARCH_PATHS_QUOTED_FOR_TARGET_10)",
					"$(LIBRARY_SEARCH_PATHS_QUOTED_FOR_TARGET_11)",
					"$(LIBRARY_SEARCH_PATHS_QUOTED_FOR_TARGET_12)",
					"$(LIBRARY_SEARCH_PATHS_QUOTED_FOR_TARGET_13)",
					"$(LIBRARY_SEARCH_PATHS_QUOTED_FOR_TARGET_14)",
					"$(LIBRARY_SEARCH_PATHS_QUOTED_FOR_TARGET_15)",
					"$(LIBRARY_SEARCH_PATHS_QUOTED_FOR_TARGET_2)",
					"$(LIBRARY_SEARCH_PATHS_QUOTED_1)",
					"$(LIBRARY_SEARCH_PATHS_QUOTED_FOR_TARGET_3)",
					"$(LIBRARY_SEARCH_PATHS_QUOTED_FOR_TARGET_7)",
					"$(LIBRARY_SEARCH_PATHS_QUOTED_FOR_TARGET_8)",
					"$(LIBRARY_SEARCH_PATHS_QUOTED_FOR_TARGET_9)",
					"$(LIBRARY_SEARCH_PATHS_QUOTED_FOR_TARGET_10)",
					"$(LIBRARY_SEARCH_PATHS_QUOTED_FOR_TARGET_11)",
					"$(LIBRARY_SEARCH_PATHS_QUOTED_FOR_TARGET_12)",
					"$(LIBRARY_SEARCH_PATHS_QUOTED_FOR_TARGET_13)",
					"$(LIBRARY_SEARCH_PATHS_QUOTED_FOR_TARGET_16)",
					"$(LIBRARY_SEARCH_PATHS_QUOTED_FOR_TARGET_17)",
					"$(LIBRARY_SEARCH_PATHS_QUOTED_FOR_TARGET_18)",
					"$(LIBRARY_SEARCH_PATHS_QUOTED_FOR_TARGET_19)",
					"$(LIBRARY_SEARCH_PATHS_QUOTED_FOR_TARGET_20)",
					"$(LIBRARY_SEARCH_PATHS_QUOTED_FOR_TARGET_21)",
					"$(LIBRARY_SEARCH_PATHS_QUOTED_FOR_TARGET_22)",
					"$(LIBRARY_SEARCH_PATHS_QUOTED_FOR_TARGET_23)",
					"$(LIBRARY_SEARCH_PATHS_QUOTED_FOR_TARGET_24)",
					"$(LIBRARY_SEARCH_PATHS_QUOTED_FOR_TARGET_25)",
					"$(LIBRARY_SEARCH_PATHS_QUOTED_FOR_TARGET_26)",
					"$(LIBRARY_SEARCH_PATHS_QUOTED_FOR_TARGET_27)",
					"$(LIBRARY_SEARCH_PATHS_QUOTED_FOR_TARGET_28)",
					"$(LIBRARY_SEARCH_PATHS_QUOTED_FOR_TARGET_29)",
					"$(LIBRARY_SEARCH_PATHS_QUOTED_FOR_TARGET_30)",
					"$(LIBRARY_SEARCH_PATHS_QUOTED_FOR_TARGET_31)",
					"$(LIBRARY_SEARCH_PATHS_QUOTED_FOR_TARGET_32)",
					"$(LIBRARY_SEARCH_PATHS_QUOTED_FOR_TARGET_33)",
					"$(LIBRARY_SEARCH_PATHS_QUOTED_FOR_TARGET_34)",
					"$(LIBRARY_SEARCH_PATHS_QUOTED_FOR_TARGET_35)",
					"$(LIBRARY_SEARCH_PATHS_QUOTED_FOR_TARGET_36)",
					"$(LIBRARY_SEARCH_PATHS_QUOTED_FOR_TARGET_37)",
					"$(LIBRARY_SEARCH_PATHS_QUOTED_FOR_TARGET_38)",
					"$(LIBRARY_SEARCH_PATHS_QUOTED_FOR_TARGET_39)",
					"$(LIBRARY_SEARCH_PATHS_QUOTED_FOR_TARGET_40)",
					"$(LIBRARY_SEARCH_PATHS_QUOTED_FOR_TARGET_41)",
					"$(LIBRARY_SEARCH_PATHS_QUOTED_FOR_TARGET_42)",
					"$(LIBRARY_SEARCH_PATHS_QUOTED_FOR_TARGET_43)",
					"$(LIBRARY_SEARCH_PATHS_QUOTED_FOR_TARGET_44)",
					"$(LIBRARY_SEARCH_PATHS_QUOTED_FOR_TARGET_45)",
					"$(LIBRARY_SEARCH_PATHS_QUOTED_FOR_TARGET_46)",
					"$(LIBRARY_SEARCH_PATHS_QUOTED_FOR_TARGET_47)",
					"$(LIBRARY_SEARCH_PATHS_QUOTED_FOR_TARGET_48)",
					"$(LIBRARY_SEARCH_PATHS_QUOTED_FOR_TARGET_49)",
					"$(LIBRARY_SEARCH_PATHS_QUOTED_FOR_TARGET_50)",
					"$(LIBRARY_SEARCH_PATHS_QUOTED_FOR_TARGET_51)",
					"$(LIBRARY_SEARCH_PATHS_QUOTED_FOR_TARGET_1)",
					"$(LIBRARY_SEARCH_PATHS_QUOTED_FOR_TARGET_2)",
					"$(LIBRARY_SEARCH_PATHS_QUOTED_FOR_TARGET_3)",
				);
				LIBRARY_SEARCH_PATHS_QUOTED_FOR_TARGET_1 = "\"$(SRCROOT)/../../../addons/ofxKinect/libs/libfreenect/lib/vs2010\"";
				LIBRARY_SEARCH_PATHS_QUOTED_FOR_TARGET_2 = "\"$(SRCROOT)/../../../addons/ofxKinect/libs/libusb/osx/libs\"";
				LIBRARY_SEARCH_PATHS_QUOTED_FOR_TARGET_3 = "\"$(SRCROOT)/../../../addons/ofxOpenCv/libs/opencv/lib/osx\"";
				PREBINDING = NO;
				PRODUCT_NAME = "$(TARGET_NAME)";
				WRAPPER_EXTENSION = app;
			};
			name = Release;
		};
/* End XCBuildConfiguration section */

/* Begin XCConfigurationList section */
		E4B69B4D0A3A1720003C02F2 /* Build configuration list for PBXProject "ofApp" */ = {
			isa = XCConfigurationList;
			buildConfigurations = (
				E4B69B4E0A3A1720003C02F2 /* Debug */,
				E4B69B4F0A3A1720003C02F2 /* Release */,
			);
			defaultConfigurationIsVisible = 0;
			defaultConfigurationName = Release;
		};
		E4B69B5F0A3A1757003C02F2 /* Build configuration list for PBXNativeTarget "ofApp" */ = {
			isa = XCConfigurationList;
			buildConfigurations = (
				E4B69B600A3A1757003C02F2 /* Debug */,
				E4B69B610A3A1757003C02F2 /* Release */,
			);
			defaultConfigurationIsVisible = 0;
			defaultConfigurationName = Release;
		};
/* End XCConfigurationList section */
	};
	rootObject = E4B69B4C0A3A1720003C02F2 /* Project object */;
}
